
Microsoft Visual Studio Solution File, Format Version 12.00
# Visual Studio Version 17
VisualStudioVersion = 17.4.33213.308
MinimumVisualStudioVersion = 10.0.40219.1
Project("{9A19103F-16F7-4668-BE54-9A1E7A4F7556}") = "GermicidalLamps", "GermicideLamp\GermicidalLamps.csproj", "{2D6AA5A0-261F-4053-8CEC-0CFC2D3655F7}"
EndProject
Project("{9A19103F-16F7-4668-BE54-9A1E7A4F7556}") = "CommonLib", "CommonLib\CommonLib.csproj", "{9264D05D-3A50-42CC-B838-4201F3C57A97}"
EndProject
Project("{9A19103F-16F7-4668-BE54-9A1E7A4F7556}") = "PipedDeodorizer", "PipedDeodorizer\PipedDeodorizer.csproj", "{337725EF-4C4F-4208-9B2D-696969A5A137}"
EndProject
Project("{9A19103F-16F7-4668-BE54-9A1E7A4F7556}") = "MakeDirt", "MakeDirt\MakeDirt.csproj", "{2793606D-DD41-4BB2-B74D-4DA8FEA3F624}"
EndProject
Project("{9A19103F-16F7-4668-BE54-9A1E7A4F7556}") = "StirlingEngine", "StirlingEngine\StirlingEngine.csproj", "{DFB111B7-087A-4C5E-800D-8FCFD5CFC032}"
EndProject
Project("{9A19103F-16F7-4668-BE54-9A1E7A4F7556}") = "LogicScheduleSensor", "LogicScheduleSensor\LogicScheduleSensor.csproj", "{5543D8D2-5136-4CD4-95A6-AB55F5EAB989}"
EndProject
Project("{9A19103F-16F7-4668-BE54-9A1E7A4F7556}") = "FanTiles", "FanTiles\FanTiles.csproj", "{D00F961B-8C2D-4EDB-8EFB-66591C47F806}"
EndProject
Project("{9A19103F-16F7-4668-BE54-9A1E7A4F7556}") = "PlasticDoor", "PlasticDoor\PlasticDoor.csproj", "{B97C324B-72C6-4A9D-9A3F-B47A33623AFD}"
EndProject
Project("{9A19103F-16F7-4668-BE54-9A1E7A4F7556}") = "TECBlock", "TECBlock\TECBlock.csproj", "{AD5C9A70-6A39-4914-B8C4-5D9909C79EB0}"
EndProject
Project("{9A19103F-16F7-4668-BE54-9A1E7A4F7556}") = "Thresholds", "Thresholds\Thresholds.csproj", "{A24F069E-3282-40D1-9E4A-2E7E549F7239}"
EndProject
Project("{9A19103F-16F7-4668-BE54-9A1E7A4F7556}") = "SoggyCarpets", "SoggyCarpets\SoggyCarpets.csproj", "{D4378F41-009C-4246-81F6-ABF5565EE2D3}"
EndProject
Project("{9A19103F-16F7-4668-BE54-9A1E7A4F7556}") = "DumpingSign", "DumpingSign\DumpingSign.csproj", "{CBBEFA0E-7992-4228-A1C2-3607CEC2C825}"
EndProject
Project("{9A19103F-16F7-4668-BE54-9A1E7A4F7556}") = "PlasticUtilities", "PlasticUtilities\PlasticUtilities.csproj", "{269C6BDA-EE61-4AD8-BA33-5FB2006A8B33}"
EndProject
Project("{2150E333-8FDC-42A3-9474-1A3956D46DE8}") = "Solution Items", "Solution Items", "{17B528EE-D05F-4535-B07F-F06F3B9FF6A4}"
	ProjectSection(SolutionItems) = preProject
		Directory.Build.props = Directory.Build.props
		Directory.Build.targets = Directory.Build.targets
	EndProjectSection
EndProject
Project("{9A19103F-16F7-4668-BE54-9A1E7A4F7556}") = "PlasticTiles", "PlasticTiles\PlasticTiles.csproj", "{9406DCEE-ADCE-42AF-A19A-6C9214674A68}"
EndProject
Project("{9A19103F-16F7-4668-BE54-9A1E7A4F7556}") = "FPSLimiter", "FPSLimiter\FPSLimiter.csproj", "{128A90DD-91EA-40D3-B3F6-760A65BF6EBA}"
EndProject
Project("{9A19103F-16F7-4668-BE54-9A1E7A4F7556}") = "LightOverhaul", "LightOverhaul\LightOverhaul.csproj", "{6CEB0C5F-317E-4C64-91A6-80AA61764EE8}"
EndProject
Project("{9A19103F-16F7-4668-BE54-9A1E7A4F7556}") = "LightPack1", "LightPack1\LightPack1.csproj", "{96BD20D4-57E2-4504-9532-0EEFC6FE2C66}"
EndProject
Project("{FAE04EC0-301F-11D3-BF4B-00C04F79EFBC}") = "BackItems", "BackItems\BackItems.csproj", "{FD8C4020-BCFB-4EE3-8110-C56805B7C57A}"
EndProject
Global
	GlobalSection(SolutionConfigurationPlatforms) = preSolution
		Release|Any CPU = Release|Any CPU
	EndGlobalSection
	GlobalSection(ProjectConfigurationPlatforms) = postSolution
		{2D6AA5A0-261F-4053-8CEC-0CFC2D3655F7}.Release|Any CPU.ActiveCfg = Release|Any CPU
		{2D6AA5A0-261F-4053-8CEC-0CFC2D3655F7}.Release|Any CPU.Build.0 = Release|Any CPU
		{9264D05D-3A50-42CC-B838-4201F3C57A97}.Release|Any CPU.ActiveCfg = Release|Any CPU
		{9264D05D-3A50-42CC-B838-4201F3C57A97}.Release|Any CPU.Build.0 = Release|Any CPU
		{337725EF-4C4F-4208-9B2D-696969A5A137}.Release|Any CPU.ActiveCfg = Release|Any CPU
		{337725EF-4C4F-4208-9B2D-696969A5A137}.Release|Any CPU.Build.0 = Release|Any CPU
		{2793606D-DD41-4BB2-B74D-4DA8FEA3F624}.Release|Any CPU.ActiveCfg = Release|Any CPU
		{2793606D-DD41-4BB2-B74D-4DA8FEA3F624}.Release|Any CPU.Build.0 = Release|Any CPU
		{DFB111B7-087A-4C5E-800D-8FCFD5CFC032}.Release|Any CPU.ActiveCfg = Release|Any CPU
		{DFB111B7-087A-4C5E-800D-8FCFD5CFC032}.Release|Any CPU.Build.0 = Release|Any CPU
		{5543D8D2-5136-4CD4-95A6-AB55F5EAB989}.Release|Any CPU.ActiveCfg = Release|Any CPU
		{5543D8D2-5136-4CD4-95A6-AB55F5EAB989}.Release|Any CPU.Build.0 = Release|Any CPU
		{D00F961B-8C2D-4EDB-8EFB-66591C47F806}.Release|Any CPU.ActiveCfg = Release|Any CPU
		{D00F961B-8C2D-4EDB-8EFB-66591C47F806}.Release|Any CPU.Build.0 = Release|Any CPU
		{B97C324B-72C6-4A9D-9A3F-B47A33623AFD}.Release|Any CPU.ActiveCfg = Release|Any CPU
		{B97C324B-72C6-4A9D-9A3F-B47A33623AFD}.Release|Any CPU.Build.0 = Release|Any CPU
		{AD5C9A70-6A39-4914-B8C4-5D9909C79EB0}.Release|Any CPU.ActiveCfg = Release|Any CPU
		{AD5C9A70-6A39-4914-B8C4-5D9909C79EB0}.Release|Any CPU.Build.0 = Release|Any CPU
		{A24F069E-3282-40D1-9E4A-2E7E549F7239}.Release|Any CPU.ActiveCfg = Release|Any CPU
		{A24F069E-3282-40D1-9E4A-2E7E549F7239}.Release|Any CPU.Build.0 = Release|Any CPU
		{D4378F41-009C-4246-81F6-ABF5565EE2D3}.Release|Any CPU.ActiveCfg = Release|Any CPU
		{D4378F41-009C-4246-81F6-ABF5565EE2D3}.Release|Any CPU.Build.0 = Release|Any CPU
		{CBBEFA0E-7992-4228-A1C2-3607CEC2C825}.Release|Any CPU.ActiveCfg = Release|Any CPU
		{CBBEFA0E-7992-4228-A1C2-3607CEC2C825}.Release|Any CPU.Build.0 = Release|Any CPU
		{269C6BDA-EE61-4AD8-BA33-5FB2006A8B33}.Release|Any CPU.ActiveCfg = Release|Any CPU
		{269C6BDA-EE61-4AD8-BA33-5FB2006A8B33}.Release|Any CPU.Build.0 = Release|Any CPU
		{9406DCEE-ADCE-42AF-A19A-6C9214674A68}.Release|Any CPU.ActiveCfg = Release|Any CPU
		{9406DCEE-ADCE-42AF-A19A-6C9214674A68}.Release|Any CPU.Build.0 = Release|Any CPU
		{128A90DD-91EA-40D3-B3F6-760A65BF6EBA}.Release|Any CPU.ActiveCfg = Release|Any CPU
		{128A90DD-91EA-40D3-B3F6-760A65BF6EBA}.Release|Any CPU.Build.0 = Release|Any CPU
		{6CEB0C5F-317E-4C64-91A6-80AA61764EE8}.Release|Any CPU.ActiveCfg = Release|Any CPU
		{6CEB0C5F-317E-4C64-91A6-80AA61764EE8}.Release|Any CPU.Build.0 = Release|Any CPU
		{96BD20D4-57E2-4504-9532-0EEFC6FE2C66}.Release|Any CPU.ActiveCfg = Release|Any CPU
		{96BD20D4-57E2-4504-9532-0EEFC6FE2C66}.Release|Any CPU.Build.0 = Release|Any CPU
		{FD8C4020-BCFB-4EE3-8110-C56805B7C57A}.Release|Any CPU.ActiveCfg = Release|Any CPU
		{FD8C4020-BCFB-4EE3-8110-C56805B7C57A}.Release|Any CPU.Build.0 = Release|Any CPU
	EndGlobalSection
	GlobalSection(SolutionProperties) = preSolution
		HideSolutionNode = FALSE
	EndGlobalSection
	GlobalSection(ExtensibilityGlobals) = postSolution
		SolutionGuid = {E18C5A11-01CA-4989-9DB2-0CD5CDF0987F}
	EndGlobalSection
EndGlobal
